
Microsoft Visual Studio Solution File, Format Version 12.00
# Visual Studio Version 16
VisualStudioVersion = 16.0.29009.5
MinimumVisualStudioVersion = 10.0.40219.1
Project("{FAE04EC0-301F-11D3-BF4B-00C04F79EFBC}") = "lab_01", "lab_01\lab_01.csproj", "{A04E9EDF-7203-4043-B3A4-580D823356AA}"
EndProject
Project("{FAE04EC0-301F-11D3-BF4B-00C04F79EFBC}") = "lab_02", "lab_02\lab_02.csproj", "{834C8C4C-D6BF-4B43-A81C-98DB3C8A9490}"
EndProject
Global
	GlobalSection(SolutionConfigurationPlatforms) = preSolution
		Debug|Any CPU = Debug|Any CPU
		Release|Any CPU = Release|Any CPU
	EndGlobalSection
	GlobalSection(ProjectConfigurationPlatforms) = postSolution
		{A04E9EDF-7203-4043-B3A4-580D823356AA}.Debug|Any CPU.ActiveCfg = Debug|Any CPU
		{A04E9EDF-7203-4043-B3A4-580D823356AA}.Debug|Any CPU.Build.0 = Debug|Any CPU
		{A04E9EDF-7203-4043-B3A4-580D823356AA}.Release|Any CPU.ActiveCfg = Release|Any CPU
		{A04E9EDF-7203-4043-B3A4-580D823356AA}.Release|Any CPU.Build.0 = Release|Any CPU
		{834C8C4C-D6BF-4B43-A81C-98DB3C8A9490}.Debug|Any CPU.ActiveCfg = Debug|Any CPU
		{834C8C4C-D6BF-4B43-A81C-98DB3C8A9490}.Debug|Any CPU.Build.0 = Debug|Any CPU
		{834C8C4C-D6BF-4B43-A81C-98DB3C8A9490}.Release|Any CPU.ActiveCfg = Release|Any CPU
		{834C8C4C-D6BF-4B43-A81C-98DB3C8A9490}.Release|Any CPU.Build.0 = Release|Any CPU
	EndGlobalSection
	GlobalSection(SolutionProperties) = preSolution
		HideSolutionNode = FALSE
	EndGlobalSection
	GlobalSection(ExtensibilityGlobals) = postSolution
		SolutionGuid = {DADD19FD-5713-4377-B823-50155D8D287E}
	EndGlobalSection
EndGlobal
